
Microsoft Visual Studio Solution File, Format Version 12.00
# Visual Studio Version 17
VisualStudioVersion = 17.0.31903.59
MinimumVisualStudioVersion = 10.0.40219.1
EndProject
Project("{2150E333-8FDC-42A3-9474-1A3956D46DE8}") = "Infrastructure", "Infrastructure", "{B300709F-1FE8-4394-A115-6FE31F8E1E0B}"
EndProject
Project("{FAE04EC0-301F-11D3-BF4B-00C04F79EFBC}") = "Infrastructure.Adapters", "Infrastructure\Infrastructure.Adapters\Infrastructure.Adapters.csproj", "{42A9F662-C560-48FA-AF1C-A2B30F2847D4}"
EndProject
Project("{FAE04EC0-301F-11D3-BF4B-00C04F79EFBC}") = "Infrastructure.Ports", "Infrastructure\Infrastructure.Ports\Infrastructure.Ports.csproj", "{F74A4BBC-8A2E-4760-AA67-5A3AA9334C9B}"
EndProject
Project("{2150E333-8FDC-42A3-9474-1A3956D46DE8}") = "API", "API", "{7381BE73-82D0-4CF4-A549-3C0FA2001446}"
EndProject
Project("{FAE04EC0-301F-11D3-BF4B-00C04F79EFBC}") = "API.Ports", "API\API.Ports\API.Ports.csproj", "{A11FB0C5-3C37-49AE-B0A9-676AF293D4FF}"
EndProject
Project("{FAE04EC0-301F-11D3-BF4B-00C04F79EFBC}") = "Infrastructure.Adapters.Test", "Infrastructure\Infrastructure.Adapters.Test\Infrastructure.Adapters.Test.csproj", "{8B5D642F-A1E3-4B82-B95F-1992A1C71AB2}"
EndProject
Project("{2150E333-8FDC-42A3-9474-1A3956D46DE8}") = "Domain", "Domain", "{AFD85E9F-181A-4CF8-9749-C5840E002B69}"
EndProject
Project("{FAE04EC0-301F-11D3-BF4B-00C04F79EFBC}") = "Domain.Logic", "Domain\Domain.Logic\Domain.Logic.csproj", "{0AEA190E-334B-4387-AA50-40EA6C811C67}"
EndProject
Project("{FAE04EC0-301F-11D3-BF4B-00C04F79EFBC}") = "Domain.Logic.Test", "Domain\Domain.Logic.Test\Domain.Logic.Test.csproj", "{018B9E77-9BD2-46C7-8E08-922272E273A9}"
EndProject
Project("{FAE04EC0-301F-11D3-BF4B-00C04F79EFBC}") = "Domain", "Domain\Domain.Data\Domain.Data.csproj", "{F98476F4-BCE3-472B-A430-9A1188BEF327}"
EndProject
Project("{FAE04EC0-301F-11D3-BF4B-00C04F79EFBC}") = "ArchUnit.Tests", "ArchUnit.Tests\ArchUnit.Tests.csproj", "{91805E71-07C2-41DA-ADA5-6CF6B91F527E}"
EndProject
Project("{FAE04EC0-301F-11D3-BF4B-00C04F79EFBC}") = "API.Adapters", "API\API.Adapters\API.Adapters.csproj", "{FA526221-64C8-40C4-8E2E-653159AE52C9}"
EndProject
Project("{FAE04EC0-301F-11D3-BF4B-00C04F79EFBC}") = "API.Adapters.Test", "API\API.Adapters.Test\API.Adapters.Test.csproj", "{4E46C54F-BFF3-4BF1-A701-E15F0BDB403A}"
EndProject
Global
	GlobalSection(SolutionConfigurationPlatforms) = preSolution
		Debug|Any CPU = Debug|Any CPU
		Release|Any CPU = Release|Any CPU
	EndGlobalSection
	GlobalSection(ProjectConfigurationPlatforms) = postSolution
		{42A9F662-C560-48FA-AF1C-A2B30F2847D4}.Debug|Any CPU.ActiveCfg = Debug|Any CPU
		{42A9F662-C560-48FA-AF1C-A2B30F2847D4}.Debug|Any CPU.Build.0 = Debug|Any CPU
		{42A9F662-C560-48FA-AF1C-A2B30F2847D4}.Release|Any CPU.ActiveCfg = Release|Any CPU
		{42A9F662-C560-48FA-AF1C-A2B30F2847D4}.Release|Any CPU.Build.0 = Release|Any CPU
		{F74A4BBC-8A2E-4760-AA67-5A3AA9334C9B}.Debug|Any CPU.ActiveCfg = Debug|Any CPU
		{F74A4BBC-8A2E-4760-AA67-5A3AA9334C9B}.Debug|Any CPU.Build.0 = Debug|Any CPU
		{F74A4BBC-8A2E-4760-AA67-5A3AA9334C9B}.Release|Any CPU.ActiveCfg = Release|Any CPU
		{F74A4BBC-8A2E-4760-AA67-5A3AA9334C9B}.Release|Any CPU.Build.0 = Release|Any CPU
		{A11FB0C5-3C37-49AE-B0A9-676AF293D4FF}.Debug|Any CPU.ActiveCfg = Debug|Any CPU
		{A11FB0C5-3C37-49AE-B0A9-676AF293D4FF}.Debug|Any CPU.Build.0 = Debug|Any CPU
		{A11FB0C5-3C37-49AE-B0A9-676AF293D4FF}.Release|Any CPU.ActiveCfg = Release|Any CPU
		{A11FB0C5-3C37-49AE-B0A9-676AF293D4FF}.Release|Any CPU.Build.0 = Release|Any CPU
		{8B5D642F-A1E3-4B82-B95F-1992A1C71AB2}.Debug|Any CPU.ActiveCfg = Debug|Any CPU
		{8B5D642F-A1E3-4B82-B95F-1992A1C71AB2}.Debug|Any CPU.Build.0 = Debug|Any CPU
		{8B5D642F-A1E3-4B82-B95F-1992A1C71AB2}.Release|Any CPU.ActiveCfg = Release|Any CPU
		{8B5D642F-A1E3-4B82-B95F-1992A1C71AB2}.Release|Any CPU.Build.0 = Release|Any CPU
		{0AEA190E-334B-4387-AA50-40EA6C811C67}.Debug|Any CPU.ActiveCfg = Debug|Any CPU
		{0AEA190E-334B-4387-AA50-40EA6C811C67}.Debug|Any CPU.Build.0 = Debug|Any CPU
		{0AEA190E-334B-4387-AA50-40EA6C811C67}.Release|Any CPU.ActiveCfg = Release|Any CPU
		{0AEA190E-334B-4387-AA50-40EA6C811C67}.Release|Any CPU.Build.0 = Release|Any CPU
		{018B9E77-9BD2-46C7-8E08-922272E273A9}.Debug|Any CPU.ActiveCfg = Debug|Any CPU
		{018B9E77-9BD2-46C7-8E08-922272E273A9}.Debug|Any CPU.Build.0 = Debug|Any CPU
		{018B9E77-9BD2-46C7-8E08-922272E273A9}.Release|Any CPU.ActiveCfg = Release|Any CPU
		{018B9E77-9BD2-46C7-8E08-922272E273A9}.Release|Any CPU.Build.0 = Release|Any CPU
		{F98476F4-BCE3-472B-A430-9A1188BEF327}.Debug|Any CPU.ActiveCfg = Debug|Any CPU
		{F98476F4-BCE3-472B-A430-9A1188BEF327}.Debug|Any CPU.Build.0 = Debug|Any CPU
		{F98476F4-BCE3-472B-A430-9A1188BEF327}.Release|Any CPU.ActiveCfg = Release|Any CPU
		{F98476F4-BCE3-472B-A430-9A1188BEF327}.Release|Any CPU.Build.0 = Release|Any CPU
		{91805E71-07C2-41DA-ADA5-6CF6B91F527E}.Debug|Any CPU.ActiveCfg = Debug|Any CPU
		{91805E71-07C2-41DA-ADA5-6CF6B91F527E}.Debug|Any CPU.Build.0 = Debug|Any CPU
		{91805E71-07C2-41DA-ADA5-6CF6B91F527E}.Release|Any CPU.ActiveCfg = Release|Any CPU
		{91805E71-07C2-41DA-ADA5-6CF6B91F527E}.Release|Any CPU.Build.0 = Release|Any CPU
		{FA526221-64C8-40C4-8E2E-653159AE52C9}.Debug|Any CPU.ActiveCfg = Debug|Any CPU
		{FA526221-64C8-40C4-8E2E-653159AE52C9}.Debug|Any CPU.Build.0 = Debug|Any CPU
		{FA526221-64C8-40C4-8E2E-653159AE52C9}.Release|Any CPU.ActiveCfg = Release|Any CPU
		{FA526221-64C8-40C4-8E2E-653159AE52C9}.Release|Any CPU.Build.0 = Release|Any CPU
		{4E46C54F-BFF3-4BF1-A701-E15F0BDB403A}.Debug|Any CPU.ActiveCfg = Debug|Any CPU
		{4E46C54F-BFF3-4BF1-A701-E15F0BDB403A}.Debug|Any CPU.Build.0 = Debug|Any CPU
		{4E46C54F-BFF3-4BF1-A701-E15F0BDB403A}.Release|Any CPU.ActiveCfg = Release|Any CPU
		{4E46C54F-BFF3-4BF1-A701-E15F0BDB403A}.Release|Any CPU.Build.0 = Release|Any CPU
	EndGlobalSection
	GlobalSection(SolutionProperties) = preSolution
		HideSolutionNode = FALSE
	EndGlobalSection
	GlobalSection(NestedProjects) = preSolution
		{42A9F662-C560-48FA-AF1C-A2B30F2847D4} = {B300709F-1FE8-4394-A115-6FE31F8E1E0B}
		{F74A4BBC-8A2E-4760-AA67-5A3AA9334C9B} = {B300709F-1FE8-4394-A115-6FE31F8E1E0B}
		{A11FB0C5-3C37-49AE-B0A9-676AF293D4FF} = {7381BE73-82D0-4CF4-A549-3C0FA2001446}
		{8B5D642F-A1E3-4B82-B95F-1992A1C71AB2} = {B300709F-1FE8-4394-A115-6FE31F8E1E0B}
		{0AEA190E-334B-4387-AA50-40EA6C811C67} = {AFD85E9F-181A-4CF8-9749-C5840E002B69}
		{018B9E77-9BD2-46C7-8E08-922272E273A9} = {AFD85E9F-181A-4CF8-9749-C5840E002B69}
		{F98476F4-BCE3-472B-A430-9A1188BEF327} = {AFD85E9F-181A-4CF8-9749-C5840E002B69}
		{FA526221-64C8-40C4-8E2E-653159AE52C9} = {7381BE73-82D0-4CF4-A549-3C0FA2001446}
		{4E46C54F-BFF3-4BF1-A701-E15F0BDB403A} = {7381BE73-82D0-4CF4-A549-3C0FA2001446}
	EndGlobalSection
EndGlobal
